
Microsoft Visual Studio Solution File, Format Version 12.00
# Visual Studio Version 16
VisualStudioVersion = 16.0.30611.23
MinimumVisualStudioVersion = 10.0.40219.1
Project("{9A19103F-16F7-4668-BE54-9A1E7A4F7556}") = "Tamagochi", "Tamagochi\Tamagochi.csproj", "{A9813DD7-7FF3-4D29-8AFF-9640F43EDAC7}"
EndProject
Global
	GlobalSection(SolutionConfigurationPlatforms) = preSolution
		Debug|Any CPU = Debug|Any CPU
		Release|Any CPU = Release|Any CPU
	EndGlobalSection
	GlobalSection(ProjectConfigurationPlatforms) = postSolution
		{A9813DD7-7FF3-4D29-8AFF-9640F43EDAC7}.Debug|Any CPU.ActiveCfg = Debug|Any CPU
		{A9813DD7-7FF3-4D29-8AFF-9640F43EDAC7}.Debug|Any CPU.Build.0 = Debug|Any CPU
		{A9813DD7-7FF3-4D29-8AFF-9640F43EDAC7}.Release|Any CPU.ActiveCfg = Release|Any CPU
		{A9813DD7-7FF3-4D29-8AFF-9640F43EDAC7}.Release|Any CPU.Build.0 = Release|Any CPU
	EndGlobalSection
	GlobalSection(SolutionProperties) = preSolution
		HideSolutionNode = FALSE
	EndGlobalSection
	GlobalSection(ExtensibilityGlobals) = postSolution
		SolutionGuid = {97486D5A-931B-475F-9AD4-10672A18B95A}
	EndGlobalSection
EndGlobal
